
Microsoft Visual Studio Solution File, Format Version 12.00
# Visual Studio Version 16
VisualStudioVersion = 16.0.30320.27
MinimumVisualStudioVersion = 10.0.40219.1
Project("{FAE04EC0-301F-11D3-BF4B-00C04F79EFBC}") = "LojaVirtual", "LojaVirtual\LojaVirtual.csproj", "{D1736A9B-7782-4C09-AD43-0557C85E9D05}"
EndProject
Global
	GlobalSection(SolutionConfigurationPlatforms) = preSolution
		Debug|Any CPU = Debug|Any CPU
		Release|Any CPU = Release|Any CPU
	EndGlobalSection
	GlobalSection(ProjectConfigurationPlatforms) = postSolution
		{D1736A9B-7782-4C09-AD43-0557C85E9D05}.Debug|Any CPU.ActiveCfg = Debug|Any CPU
		{D1736A9B-7782-4C09-AD43-0557C85E9D05}.Debug|Any CPU.Build.0 = Debug|Any CPU
		{D1736A9B-7782-4C09-AD43-0557C85E9D05}.Release|Any CPU.ActiveCfg = Release|Any CPU
		{D1736A9B-7782-4C09-AD43-0557C85E9D05}.Release|Any CPU.Build.0 = Release|Any CPU
	EndGlobalSection
	GlobalSection(SolutionProperties) = preSolution
		HideSolutionNode = FALSE
	EndGlobalSection
	GlobalSection(ExtensibilityGlobals) = postSolution
		SolutionGuid = {9A0C961E-AF0F-4CE4-8A4D-81FC2BF35190}
	EndGlobalSection
EndGlobal
