
Microsoft Visual Studio Solution File, Format Version 12.00
# Visual Studio Version 16
VisualStudioVersion = 16.0.30320.27
MinimumVisualStudioVersion = 10.0.40219.1
Project("{FAE04EC0-301F-11D3-BF4B-00C04F79EFBC}") = "estruturaMVC", "estruturaMVC\estruturaMVC.csproj", "{1618F4BA-AE46-45FF-BEE8-E8D07E757668}"
EndProject
Global
	GlobalSection(SolutionConfigurationPlatforms) = preSolution
		Debug|Any CPU = Debug|Any CPU
		Release|Any CPU = Release|Any CPU
	EndGlobalSection
	GlobalSection(ProjectConfigurationPlatforms) = postSolution
		{1618F4BA-AE46-45FF-BEE8-E8D07E757668}.Debug|Any CPU.ActiveCfg = Debug|Any CPU
		{1618F4BA-AE46-45FF-BEE8-E8D07E757668}.Debug|Any CPU.Build.0 = Debug|Any CPU
		{1618F4BA-AE46-45FF-BEE8-E8D07E757668}.Release|Any CPU.ActiveCfg = Release|Any CPU
		{1618F4BA-AE46-45FF-BEE8-E8D07E757668}.Release|Any CPU.Build.0 = Release|Any CPU
	EndGlobalSection
	GlobalSection(SolutionProperties) = preSolution
		HideSolutionNode = FALSE
	EndGlobalSection
	GlobalSection(ExtensibilityGlobals) = postSolution
		SolutionGuid = {551D155C-A987-481F-8EEF-B3A60A3ED042}
	EndGlobalSection
EndGlobal
